github.com/aisstream/ais-message-models/golang/aisStream v0.0.0-20230628154343-8650fc5bf8c3 h1:3S9MdCwywvI9ojUosWFm7RL6018nWVn7CZJylIE5sg0=
github.com/aisstream/ais-message-models/golang/aisStream v0.0.0-20230628154343-8650fc5bf8c3/go.mod h1:xrb7t7b2Het1o1/ompfiTuIqU6iQ/nh+LOiAouJjgi4=
github.com/fxamacker/cbor/v2 v2.9.1 h1:2rWm8B193Ll4VdjsJY28jxs70IdDsHRWgQYAI80+rMQ=
github.com/fxamacker/cbor/v2 v2.9.1/go.mod h1:vM4b+DJCtHn+zz7h3FFp/hDAI9WNWCsZj23V5ytsSxQ=
github.com/x448/float16 v0.8.4 h1:qLwI1I70+NjRFUR3zs1JPUCgaCXSh3SW62uAKT1mSBM=
github.com/x448/float16 v0.8.4/go.mod h1:14CWIYCyZA/cWjXOioeEpHeN/83MdbZDRQHoFcYsOfg=
